# THIS IS AN AUTOGENERATED FILE. DO NOT EDIT THIS FILE DIRECTLY.
# yarn lockfile v1


ieee754@^1.1.6:
  version "1.1.8"
  resolved "https://registry.yarnpkg.com/ieee754/-/ieee754-1.1.8.tgz#be33d40ac10ef1926701f6f08a2d86fbfd1ad3e4"

pbf@^3.1.0:
  version "3.1.0"
  resolved "https://registry.yarnpkg.com/pbf/-/pbf-3.1.0.tgz#f70004badcb281761eabb1e76c92f179f08189e9"
  dependencies:
    ieee754 "^1.1.6"
    resolve-protobuf-schema "^2.0.0"

protocol-buffers-schema@^2.0.2:
  version "2.2.0"
  resolved "https://registry.yarnpkg.com/protocol-buffers-schema/-/protocol-buffers-schema-2.2.0.tgz#d29c6cd73fb655978fb6989691180db844119f61"

resolve-protobuf-schema@^2.0.0:
  version "2.0.0"
  resolved "https://registry.yarnpkg.com/resolve-protobuf-schema/-/resolve-protobuf-schema-2.0.0.tgz#e67b062a67f02d11bd6886e70efda788407e0fb4"
  dependencies:
    protocol-buffers-schema "^2.0.2"
